
Microsoft Visual Studio Solution File, Format Version 12.00
# Visual Studio Version 17
VisualStudioVersion = 17.1.32228.430
MinimumVisualStudioVersion = 10.0.40219.1
Project("{9A19103F-16F7-4668-BE54-9A1E7A4F7556}") = "Laboratorio1_suCarne", "Laboratorio1_suCarne.csproj", "{A890CE20-AA3E-41F5-A9E0-3A6BB2A0C411}"
EndProject
Global
	GlobalSection(SolutionConfigurationPlatforms) = preSolution
		Debug|Any CPU = Debug|Any CPU
		Release|Any CPU = Release|Any CPU
	EndGlobalSection
	GlobalSection(ProjectConfigurationPlatforms) = postSolution
		{A890CE20-AA3E-41F5-A9E0-3A6BB2A0C411}.Debug|Any CPU.ActiveCfg = Debug|Any CPU
		{A890CE20-AA3E-41F5-A9E0-3A6BB2A0C411}.Debug|Any CPU.Build.0 = Debug|Any CPU
		{A890CE20-AA3E-41F5-A9E0-3A6BB2A0C411}.Release|Any CPU.ActiveCfg = Release|Any CPU
		{A890CE20-AA3E-41F5-A9E0-3A6BB2A0C411}.Release|Any CPU.Build.0 = Release|Any CPU
	EndGlobalSection
	GlobalSection(SolutionProperties) = preSolution
		HideSolutionNode = FALSE
	EndGlobalSection
	GlobalSection(ExtensibilityGlobals) = postSolution
		SolutionGuid = {59BE88C3-34B8-4A62-936F-663492EB57B2}
	EndGlobalSection
EndGlobal
